
Microsoft Visual Studio Solution File, Format Version 12.00
# Visual Studio Version 16
VisualStudioVersion = 16.0.30907.101
MinimumVisualStudioVersion = 10.0.40219.1
Project("{FAE04EC0-301F-11D3-BF4B-00C04F79EFBC}") = "DataAccess", "DataAccess\DataAccess.csproj", "{7B6838AC-D14F-4928-ADC5-20D06842CD53}"
EndProject
Project("{FAE04EC0-301F-11D3-BF4B-00C04F79EFBC}") = "Business", "Business\Business.csproj", "{5E4B1A7D-4AF2-4DE8-8DA2-5E990445F81C}"
EndProject
Project("{FAE04EC0-301F-11D3-BF4B-00C04F79EFBC}") = "Entities", "Entities\Entities.csproj", "{AF3BC8A7-CACD-4E87-938C-7818A1A16829}"
EndProject
Project("{FAE04EC0-301F-11D3-BF4B-00C04F79EFBC}") = "ConsoleUI", "ConsoleUI\ConsoleUI.csproj", "{263293D4-E3DA-4C5E-987E-A346F71FC529}"
EndProject
Global
	GlobalSection(SolutionConfigurationPlatforms) = preSolution
		Debug|Any CPU = Debug|Any CPU
		Release|Any CPU = Release|Any CPU
	EndGlobalSection
	GlobalSection(ProjectConfigurationPlatforms) = postSolution
		{7B6838AC-D14F-4928-ADC5-20D06842CD53}.Debug|Any CPU.ActiveCfg = Debug|Any CPU
		{7B6838AC-D14F-4928-ADC5-20D06842CD53}.Debug|Any CPU.Build.0 = Debug|Any CPU
		{7B6838AC-D14F-4928-ADC5-20D06842CD53}.Release|Any CPU.ActiveCfg = Release|Any CPU
		{7B6838AC-D14F-4928-ADC5-20D06842CD53}.Release|Any CPU.Build.0 = Release|Any CPU
		{5E4B1A7D-4AF2-4DE8-8DA2-5E990445F81C}.Debug|Any CPU.ActiveCfg = Debug|Any CPU
		{5E4B1A7D-4AF2-4DE8-8DA2-5E990445F81C}.Debug|Any CPU.Build.0 = Debug|Any CPU
		{5E4B1A7D-4AF2-4DE8-8DA2-5E990445F81C}.Release|Any CPU.ActiveCfg = Release|Any CPU
		{5E4B1A7D-4AF2-4DE8-8DA2-5E990445F81C}.Release|Any CPU.Build.0 = Release|Any CPU
		{AF3BC8A7-CACD-4E87-938C-7818A1A16829}.Debug|Any CPU.ActiveCfg = Debug|Any CPU
		{AF3BC8A7-CACD-4E87-938C-7818A1A16829}.Debug|Any CPU.Build.0 = Debug|Any CPU
		{AF3BC8A7-CACD-4E87-938C-7818A1A16829}.Release|Any CPU.ActiveCfg = Release|Any CPU
		{AF3BC8A7-CACD-4E87-938C-7818A1A16829}.Release|Any CPU.Build.0 = Release|Any CPU
		{263293D4-E3DA-4C5E-987E-A346F71FC529}.Debug|Any CPU.ActiveCfg = Debug|Any CPU
		{263293D4-E3DA-4C5E-987E-A346F71FC529}.Debug|Any CPU.Build.0 = Debug|Any CPU
		{263293D4-E3DA-4C5E-987E-A346F71FC529}.Release|Any CPU.ActiveCfg = Release|Any CPU
		{263293D4-E3DA-4C5E-987E-A346F71FC529}.Release|Any CPU.Build.0 = Release|Any CPU
	EndGlobalSection
	GlobalSection(SolutionProperties) = preSolution
		HideSolutionNode = FALSE
	EndGlobalSection
	GlobalSection(ExtensibilityGlobals) = postSolution
		SolutionGuid = {D5450501-3FB9-4D7F-A142-BC6269C973F9}
	EndGlobalSection
EndGlobal
